{
  "originHash" : "abc0a76c7ef7c6515c2badfc7457a92a0d3147c1d9c0645c744802ce1356661b",
  "pins" : [
    {
      "identity" : "realm-core",
      "kind" : "remoteSourceControl",
      "location" : "https://github.com/realm/realm-core.git",
      "state" : {
        "revision" : "4cc46f8607516226e5465062fdacd088fbd94552",
        "version" : "20.1.4"
      }
    },
    {
      "identity" : "realm-swift",
      "kind" : "remoteSourceControl",
      "location" : "https://github.com/realm/realm-swift",
      "state" : {
        "revision" : "600e187711e5fa4e8e2c0429cacee27e8e44f112",
        "version" : "20.0.4"
      }
    }
  ],
  "version" : 3
}
